
Microsoft Visual Studio Solution File, Format Version 12.00
# Visual Studio Version 17
VisualStudioVersion = 17.10.34928.147
MinimumVisualStudioVersion = 10.0.40219.1
Project("{9A19103F-16F7-4668-BE54-9A1E7A4F7556}") = "HeroBattle.API", "DevoraLime\HeroBattle.API.csproj", "{C937663E-F4D0-4116-A0C0-B9240616B418}"
EndProject
Project("{9A19103F-16F7-4668-BE54-9A1E7A4F7556}") = "HeroBattle.Domain", "HeroBattle.Domain\HeroBattle.Domain.csproj", "{E68BA999-30D4-4378-B6A4-ACF7F404FC31}"
EndProject
Project("{9A19103F-16F7-4668-BE54-9A1E7A4F7556}") = "HeroBattle.Infrastructure", "HeroBattle.Infrastructure\HeroBattle.Infrastructure.csproj", "{2C350564-E58E-4238-8682-056466A04309}"
EndProject
Project("{9A19103F-16F7-4668-BE54-9A1E7A4F7556}") = "HeroBattle.Application", "HeroBattle.Application\HeroBattle.Application.csproj", "{E023BEFB-2704-448A-985C-ADEF6CEEDABB}"
EndProject
Project("{FAE04EC0-301F-11D3-BF4B-00C04F79EFBC}") = "HeroBattle.Tests", "HeroBattle.Tests\HeroBattle.Tests.csproj", "{97F50B12-86AB-47D3-B059-B0D6A803DFCF}"
EndProject
Global
	GlobalSection(SolutionConfigurationPlatforms) = preSolution
		Debug|Any CPU = Debug|Any CPU
		Release|Any CPU = Release|Any CPU
	EndGlobalSection
	GlobalSection(ProjectConfigurationPlatforms) = postSolution
		{C937663E-F4D0-4116-A0C0-B9240616B418}.Debug|Any CPU.ActiveCfg = Debug|Any CPU
		{C937663E-F4D0-4116-A0C0-B9240616B418}.Debug|Any CPU.Build.0 = Debug|Any CPU
		{C937663E-F4D0-4116-A0C0-B9240616B418}.Release|Any CPU.ActiveCfg = Release|Any CPU
		{C937663E-F4D0-4116-A0C0-B9240616B418}.Release|Any CPU.Build.0 = Release|Any CPU
		{E68BA999-30D4-4378-B6A4-ACF7F404FC31}.Debug|Any CPU.ActiveCfg = Debug|Any CPU
		{E68BA999-30D4-4378-B6A4-ACF7F404FC31}.Debug|Any CPU.Build.0 = Debug|Any CPU
		{E68BA999-30D4-4378-B6A4-ACF7F404FC31}.Release|Any CPU.ActiveCfg = Release|Any CPU
		{E68BA999-30D4-4378-B6A4-ACF7F404FC31}.Release|Any CPU.Build.0 = Release|Any CPU
		{2C350564-E58E-4238-8682-056466A04309}.Debug|Any CPU.ActiveCfg = Debug|Any CPU
		{2C350564-E58E-4238-8682-056466A04309}.Debug|Any CPU.Build.0 = Debug|Any CPU
		{2C350564-E58E-4238-8682-056466A04309}.Release|Any CPU.ActiveCfg = Release|Any CPU
		{2C350564-E58E-4238-8682-056466A04309}.Release|Any CPU.Build.0 = Release|Any CPU
		{E023BEFB-2704-448A-985C-ADEF6CEEDABB}.Debug|Any CPU.ActiveCfg = Debug|Any CPU
		{E023BEFB-2704-448A-985C-ADEF6CEEDABB}.Debug|Any CPU.Build.0 = Debug|Any CPU
		{E023BEFB-2704-448A-985C-ADEF6CEEDABB}.Release|Any CPU.ActiveCfg = Release|Any CPU
		{E023BEFB-2704-448A-985C-ADEF6CEEDABB}.Release|Any CPU.Build.0 = Release|Any CPU
		{97F50B12-86AB-47D3-B059-B0D6A803DFCF}.Debug|Any CPU.ActiveCfg = Debug|Any CPU
		{97F50B12-86AB-47D3-B059-B0D6A803DFCF}.Debug|Any CPU.Build.0 = Debug|Any CPU
		{97F50B12-86AB-47D3-B059-B0D6A803DFCF}.Release|Any CPU.ActiveCfg = Release|Any CPU
		{97F50B12-86AB-47D3-B059-B0D6A803DFCF}.Release|Any CPU.Build.0 = Release|Any CPU
	EndGlobalSection
	GlobalSection(SolutionProperties) = preSolution
		HideSolutionNode = FALSE
	EndGlobalSection
	GlobalSection(ExtensibilityGlobals) = postSolution
		SolutionGuid = {49D06C27-AD34-4B75-8275-701CC2BC2E65}
	EndGlobalSection
EndGlobal
